Microsoft Visual Studio Solution File, Format Version 12.00
# Visual Studio Version 16
VisualStudioVersion = 16.0.28809.33
MinimumVisualStudioVersion = 12.0.31101.0
Project("{2150E333-8FDC-42A3-9474-1A3956D46DE8}") = "Platforms", "Platforms", "{AB88960E-B233-475B-96E4-8C10EEF8622C}"
EndProject
Project("{2150E333-8FDC-42A3-9474-1A3956D46DE8}") = "Kernel", "Kernel", "{FF773BDF-A20C-4A5F-BFF9-F422C2AFF3CE}"
EndProject
Project("{2150E333-8FDC-42A3-9474-1A3956D46DE8}") = "Compiler", "Compiler", "{DDBC7F79-A2A1-4D92-9AE7-ADDC838F1E5E}"
EndProject
Project("{2150E333-8FDC-42A3-9474-1A3956D46DE8}") = "Runtimes", "Runtimes", "{3C5A2C4B-FD05-42B3-B6C6-C366DF978A62}"
EndProject
Project("{9A19103F-16F7-4668-BE54-9A1E7A4F7556}") = "Mosa.Compiler.Framework", "Mosa.Compiler.Framework\Mosa.Compiler.Framework.csproj", "{75A12A8A-8C8F-4D1E-801B-689D8F781BF4}"
EndProject
Project("{9A19103F-16F7-4668-BE54-9A1E7A4F7556}") = "Mosa.Korlib", "Mosa.Korlib\Mosa.Korlib.csproj", "{631BC4F3-E2D8-4319-814C-13904CAA17CE}"
EndProject
Project("{9A19103F-16F7-4668-BE54-9A1E7A4F7556}") = "Mosa.Kernel.x86", "Mosa.Kernel.x86\Mosa.Kernel.x86.csproj", "{FF099D48-3FA5-4ED6-BBA0-1497D734962A}"
EndProject
Project("{9A19103F-16F7-4668-BE54-9A1E7A4F7556}") = "Mosa.Runtime.x86", "Mosa.Runtime.x86\Mosa.Runtime.x86.csproj", "{A47B7998-4EE8-4AF8-9373-C664FDEDDC65}"
EndProject
Project("{9A19103F-16F7-4668-BE54-9A1E7A4F7556}") = "Mosa.Compiler.Common", "Mosa.Compiler.Common\Mosa.Compiler.Common.csproj", "{0B1011A6-8FCD-4F9E-BBB8-8DB86E23D2E8}"
EndProject
Project("{9A19103F-16F7-4668-BE54-9A1E7A4F7556}") = "Mosa.Platform.x86", "Mosa.Platform.x86\Mosa.Platform.x86.csproj", "{DE30CBE9-50F3-4A3E-BCC9-A8A36348530E}"
EndProject
Project("{9A19103F-16F7-4668-BE54-9A1E7A4F7556}") = "Mosa.Compiler.MosaTypeSystem", "Mosa.Compiler.MosaTypeSystem\Mosa.Compiler.MosaTypeSystem.csproj", "{5F30A68E-05BF-40EA-B576-5EBCDE520559}"
EndProject
Project("{9A19103F-16F7-4668-BE54-9A1E7A4F7556}") = "Mosa.Runtime", "Mosa.Runtime\Mosa.Runtime.csproj", "{77961864-DB33-4189-804F-D774022C96E2}"
EndProject
Project("{2150E333-8FDC-42A3-9474-1A3956D46DE8}") = "!Build", "!Build", "{F0EFF742-92D5-4219-939A-8F6F8DAB24E5}"
	ProjectSection(SolutionItems) = preProject
		..\LICENSE.txt = ..\LICENSE.txt
		..\Readme.md = ..\Readme.md
	EndProjectSection
EndProject
Project("{2150E333-8FDC-42A3-9474-1A3956D46DE8}") = "Setup", "Setup", "{624E8284-4F0A-4C3F-B5F2-271105E48ECF}"
	ProjectSection(SolutionItems) = preProject
		..\.github\workflows\builds.yml = ..\.github\workflows\builds.yml
		Inno-Setup-Script\Mosa-Installer.iss = Inno-Setup-Script\Mosa-Installer.iss
		..\.github\workflows\unittests.yml = ..\.github\workflows\unittests.yml
	EndProjectSection
EndProject
Project("{9A19103F-16F7-4668-BE54-9A1E7A4F7556}") = "Mosa.Platform.Intel", "Mosa.Platform.Intel\Mosa.Platform.Intel.csproj", "{17CE4F09-7CBF-49E9-84A7-178DB2CBD7C9}"
EndProject
Project("{9A19103F-16F7-4668-BE54-9A1E7A4F7556}") = "Mosa.Plug.Korlib", "Mosa.Plug.Korlib\Mosa.Plug.Korlib.csproj", "{CBDEEF3C-BBE7-4655-A096-1367DE069E63}"
EndProject
Project("{9A19103F-16F7-4668-BE54-9A1E7A4F7556}") = "Mosa.Plug.Korlib.x86", "Mosa.Plug.Korlib.x86\Mosa.Plug.Korlib.x86.csproj", "{028BC31C-2EDC-492E-90A3-3714E38CE2CF}"
EndProject
Project("{2150E333-8FDC-42A3-9474-1A3956D46DE8}") = "Korlib", "Korlib", "{079CE6E3-8038-44F5-B18A-2D586A827D95}"
EndProject
Project("{2150E333-8FDC-42A3-9474-1A3956D46DE8}") = "Tools", "Tools", "{1D35F87A-F880-4345-9A25-FBB788BC50A1}"
EndProject
Project("{2150E333-8FDC-42A3-9474-1A3956D46DE8}") = "External", "External", "{D240E720-CC73-4E25-90A9-DC5121DA594A}"
EndProject
Project("{9A19103F-16F7-4668-BE54-9A1E7A4F7556}") = "Mosa.External.x86", "Mosa.External.x86\Mosa.External.x86.csproj", "{C747B3CA-2261-4AD4-97DB-FA6DFD66070E}"
EndProject
Project("{9A19103F-16F7-4668-BE54-9A1E7A4F7556}") = "Mosa.Launcher.Console", "Mosa.Launcher.Console\Mosa.Launcher.Console.csproj", "{6E52E67F-6FA3-4FDC-ACB5-1F570822512C}"
EndProject
Project("{2150E333-8FDC-42A3-9474-1A3956D46DE8}") = "NonKernel", "NonKernel", "{5C68985B-0CAC-4217-B234-E3741A9B43E9}"
EndProject
Global
	GlobalSection(SolutionConfigurationPlatforms) = preSolution
		Debug|Any CPU = Debug|Any CPU
		Debug|Mixed Platforms = Debug|Mixed Platforms
		Debug|x64 = Debug|x64
		Debug|x86 = Debug|x86
		Description|Any CPU = Description|Any CPU
		Description|Mixed Platforms = Description|Mixed Platforms
		Description|x64 = Description|x64
		Description|x86 = Description|x86
		Release|Any CPU = Release|Any CPU
		Release|Mixed Platforms = Release|Mixed Platforms
		Release|x64 = Release|x64
		Release|x86 = Release|x86
		Description = MOSA Project
	EndGlobalSection
	GlobalSection(ProjectConfigurationPlatforms) = postSolution
		{75A12A8A-8C8F-4D1E-801B-689D8F781BF4}.Debug|Any CPU.ActiveCfg = Debug|Any CPU
		{75A12A8A-8C8F-4D1E-801B-689D8F781BF4}.Debug|Any CPU.Build.0 = Debug|Any CPU
		{75A12A8A-8C8F-4D1E-801B-689D8F781BF4}.Debug|Mixed Platforms.ActiveCfg = Debug|Any CPU
		{75A12A8A-8C8F-4D1E-801B-689D8F781BF4}.Debug|Mixed Platforms.Build.0 = Debug|Any CPU
		{75A12A8A-8C8F-4D1E-801B-689D8F781BF4}.Debug|x64.ActiveCfg = Debug|Any CPU
		{75A12A8A-8C8F-4D1E-801B-689D8F781BF4}.Debug|x64.Build.0 = Debug|Any CPU
		{75A12A8A-8C8F-4D1E-801B-689D8F781BF4}.Debug|x86.ActiveCfg = Debug|Any CPU
		{75A12A8A-8C8F-4D1E-801B-689D8F781BF4}.Debug|x86.Build.0 = Debug|Any CPU
		{75A12A8A-8C8F-4D1E-801B-689D8F781BF4}.Description|Any CPU.ActiveCfg = Debug|Any CPU
		{75A12A8A-8C8F-4D1E-801B-689D8F781BF4}.Description|Any CPU.Build.0 = Debug|Any CPU
		{75A12A8A-8C8F-4D1E-801B-689D8F781BF4}.Description|Mixed Platforms.ActiveCfg = Debug|Any CPU
		{75A12A8A-8C8F-4D1E-801B-689D8F781BF4}.Description|Mixed Platforms.Build.0 = Debug|Any CPU
		{75A12A8A-8C8F-4D1E-801B-689D8F781BF4}.Description|x64.ActiveCfg = Debug|Any CPU
		{75A12A8A-8C8F-4D1E-801B-689D8F781BF4}.Description|x64.Build.0 = Debug|Any CPU
		{75A12A8A-8C8F-4D1E-801B-689D8F781BF4}.Description|x86.ActiveCfg = Debug|Any CPU
		{75A12A8A-8C8F-4D1E-801B-689D8F781BF4}.Description|x86.Build.0 = Debug|Any CPU
		{75A12A8A-8C8F-4D1E-801B-689D8F781BF4}.Release|Any CPU.ActiveCfg = Release|Any CPU
		{75A12A8A-8C8F-4D1E-801B-689D8F781BF4}.Release|Any CPU.Build.0 = Release|Any CPU
		{75A12A8A-8C8F-4D1E-801B-689D8F781BF4}.Release|Mixed Platforms.ActiveCfg = Release|Any CPU
		{75A12A8A-8C8F-4D1E-801B-689D8F781BF4}.Release|Mixed Platforms.Build.0 = Release|Any CPU
		{75A12A8A-8C8F-4D1E-801B-689D8F781BF4}.Release|x64.ActiveCfg = Release|Any CPU
		{75A12A8A-8C8F-4D1E-801B-689D8F781BF4}.Release|x64.Build.0 = Release|Any CPU
		{75A12A8A-8C8F-4D1E-801B-689D8F781BF4}.Release|x86.ActiveCfg = Release|Any CPU
		{75A12A8A-8C8F-4D1E-801B-689D8F781BF4}.Release|x86.Build.0 = Release|Any CPU
		{631BC4F3-E2D8-4319-814C-13904CAA17CE}.Debug|Any CPU.ActiveCfg = Debug|Any CPU
		{631BC4F3-E2D8-4319-814C-13904CAA17CE}.Debug|Any CPU.Build.0 = Debug|Any CPU
		{631BC4F3-E2D8-4319-814C-13904CAA17CE}.Debug|Mixed Platforms.ActiveCfg = Debug|Any CPU
		{631BC4F3-E2D8-4319-814C-13904CAA17CE}.Debug|Mixed Platforms.Build.0 = Debug|Any CPU
		{631BC4F3-E2D8-4319-814C-13904CAA17CE}.Debug|x64.ActiveCfg = Debug|Any CPU
		{631BC4F3-E2D8-4319-814C-13904CAA17CE}.Debug|x64.Build.0 = Debug|Any CPU
		{631BC4F3-E2D8-4319-814C-13904CAA17CE}.Debug|x86.ActiveCfg = Debug|Any CPU
		{631BC4F3-E2D8-4319-814C-13904CAA17CE}.Debug|x86.Build.0 = Debug|Any CPU
		{631BC4F3-E2D8-4319-814C-13904CAA17CE}.Description|Any CPU.ActiveCfg = Debug|Any CPU
		{631BC4F3-E2D8-4319-814C-13904CAA17CE}.Description|Any CPU.Build.0 = Debug|Any CPU
		{631BC4F3-E2D8-4319-814C-13904CAA17CE}.Description|Mixed Platforms.ActiveCfg = Debug|Any CPU
		{631BC4F3-E2D8-4319-814C-13904CAA17CE}.Description|Mixed Platforms.Build.0 = Debug|Any CPU
		{631BC4F3-E2D8-4319-814C-13904CAA17CE}.Description|x64.ActiveCfg = Debug|Any CPU
		{631BC4F3-E2D8-4319-814C-13904CAA17CE}.Description|x64.Build.0 = Debug|Any CPU
		{631BC4F3-E2D8-4319-814C-13904CAA17CE}.Description|x86.ActiveCfg = Debug|Any CPU
		{631BC4F3-E2D8-4319-814C-13904CAA17CE}.Description|x86.Build.0 = Debug|Any CPU
		{631BC4F3-E2D8-4319-814C-13904CAA17CE}.Release|Any CPU.ActiveCfg = Release|Any CPU
		{631BC4F3-E2D8-4319-814C-13904CAA17CE}.Release|Any CPU.Build.0 = Release|Any CPU
		{631BC4F3-E2D8-4319-814C-13904CAA17CE}.Release|Mixed Platforms.ActiveCfg = Release|Any CPU
		{631BC4F3-E2D8-4319-814C-13904CAA17CE}.Release|Mixed Platforms.Build.0 = Release|Any CPU
		{631BC4F3-E2D8-4319-814C-13904CAA17CE}.Release|x64.ActiveCfg = Release|Any CPU
		{631BC4F3-E2D8-4319-814C-13904CAA17CE}.Release|x64.Build.0 = Release|Any CPU
		{631BC4F3-E2D8-4319-814C-13904CAA17CE}.Release|x86.ActiveCfg = Release|Any CPU
		{631BC4F3-E2D8-4319-814C-13904CAA17CE}.Release|x86.Build.0 = Release|Any CPU
		{FF099D48-3FA5-4ED6-BBA0-1497D734962A}.Debug|Any CPU.ActiveCfg = Debug|Any CPU
		{FF099D48-3FA5-4ED6-BBA0-1497D734962A}.Debug|Any CPU.Build.0 = Debug|Any CPU
		{FF099D48-3FA5-4ED6-BBA0-1497D734962A}.Debug|Mixed Platforms.ActiveCfg = Debug|Any CPU
		{FF099D48-3FA5-4ED6-BBA0-1497D734962A}.Debug|Mixed Platforms.Build.0 = Debug|Any CPU
		{FF099D48-3FA5-4ED6-BBA0-1497D734962A}.Debug|x64.ActiveCfg = Debug|Any CPU
		{FF099D48-3FA5-4ED6-BBA0-1497D734962A}.Debug|x64.Build.0 = Debug|Any CPU
		{FF099D48-3FA5-4ED6-BBA0-1497D734962A}.Debug|x86.ActiveCfg = Debug|Any CPU
		{FF099D48-3FA5-4ED6-BBA0-1497D734962A}.Debug|x86.Build.0 = Debug|Any CPU
		{FF099D48-3FA5-4ED6-BBA0-1497D734962A}.Description|Any CPU.ActiveCfg = Debug|Any CPU
		{FF099D48-3FA5-4ED6-BBA0-1497D734962A}.Description|Any CPU.Build.0 = Debug|Any CPU
		{FF099D48-3FA5-4ED6-BBA0-1497D734962A}.Description|Mixed Platforms.ActiveCfg = Debug|Any CPU
		{FF099D48-3FA5-4ED6-BBA0-1497D734962A}.Description|Mixed Platforms.Build.0 = Debug|Any CPU
		{FF099D48-3FA5-4ED6-BBA0-1497D734962A}.Description|x64.ActiveCfg = Debug|Any CPU
		{FF099D48-3FA5-4ED6-BBA0-1497D734962A}.Description|x64.Build.0 = Debug|Any CPU
		{FF099D48-3FA5-4ED6-BBA0-1497D734962A}.Description|x86.ActiveCfg = Debug|Any CPU
		{FF099D48-3FA5-4ED6-BBA0-1497D734962A}.Description|x86.Build.0 = Debug|Any CPU
		{FF099D48-3FA5-4ED6-BBA0-1497D734962A}.Release|Any CPU.ActiveCfg = Release|Any CPU
		{FF099D48-3FA5-4ED6-BBA0-1497D734962A}.Release|Any CPU.Build.0 = Release|Any CPU
		{FF099D48-3FA5-4ED6-BBA0-1497D734962A}.Release|Mixed Platforms.ActiveCfg = Release|Any CPU
		{FF099D48-3FA5-4ED6-BBA0-1497D734962A}.Release|Mixed Platforms.Build.0 = Release|Any CPU
		{FF099D48-3FA5-4ED6-BBA0-1497D734962A}.Release|x64.ActiveCfg = Release|Any CPU
		{FF099D48-3FA5-4ED6-BBA0-1497D734962A}.Release|x64.Build.0 = Release|Any CPU
		{FF099D48-3FA5-4ED6-BBA0-1497D734962A}.Release|x86.ActiveCfg = Release|Any CPU
		{FF099D48-3FA5-4ED6-BBA0-1497D734962A}.Release|x86.Build.0 = Release|Any CPU
		{A47B7998-4EE8-4AF8-9373-C664FDEDDC65}.Debug|Any CPU.ActiveCfg = Debug|Any CPU
		{A47B7998-4EE8-4AF8-9373-C664FDEDDC65}.Debug|Any CPU.Build.0 = Debug|Any CPU
		{A47B7998-4EE8-4AF8-9373-C664FDEDDC65}.Debug|Mixed Platforms.ActiveCfg = Debug|Any CPU
		{A47B7998-4EE8-4AF8-9373-C664FDEDDC65}.Debug|Mixed Platforms.Build.0 = Debug|Any CPU
		{A47B7998-4EE8-4AF8-9373-C664FDEDDC65}.Debug|x64.ActiveCfg = Debug|Any CPU
		{A47B7998-4EE8-4AF8-9373-C664FDEDDC65}.Debug|x64.Build.0 = Debug|Any CPU
		{A47B7998-4EE8-4AF8-9373-C664FDEDDC65}.Debug|x86.ActiveCfg = Debug|Any CPU
		{A47B7998-4EE8-4AF8-9373-C664FDEDDC65}.Debug|x86.Build.0 = Debug|Any CPU
		{A47B7998-4EE8-4AF8-9373-C664FDEDDC65}.Description|Any CPU.ActiveCfg = Debug|Any CPU
		{A47B7998-4EE8-4AF8-9373-C664FDEDDC65}.Description|Any CPU.Build.0 = Debug|Any CPU
		{A47B7998-4EE8-4AF8-9373-C664FDEDDC65}.Description|Mixed Platforms.ActiveCfg = Debug|Any CPU
		{A47B7998-4EE8-4AF8-9373-C664FDEDDC65}.Description|Mixed Platforms.Build.0 = Debug|Any CPU
		{A47B7998-4EE8-4AF8-9373-C664FDEDDC65}.Description|x64.ActiveCfg = Debug|Any CPU
		{A47B7998-4EE8-4AF8-9373-C664FDEDDC65}.Description|x64.Build.0 = Debug|Any CPU
		{A47B7998-4EE8-4AF8-9373-C664FDEDDC65}.Description|x86.ActiveCfg = Debug|Any CPU
		{A47B7998-4EE8-4AF8-9373-C664FDEDDC65}.Description|x86.Build.0 = Debug|Any CPU
		{A47B7998-4EE8-4AF8-9373-C664FDEDDC65}.Release|Any CPU.ActiveCfg = Release|Any CPU
		{A47B7998-4EE8-4AF8-9373-C664FDEDDC65}.Release|Any CPU.Build.0 = Release|Any CPU
		{A47B7998-4EE8-4AF8-9373-C664FDEDDC65}.Release|Mixed Platforms.ActiveCfg = Release|Any CPU
		{A47B7998-4EE8-4AF8-9373-C664FDEDDC65}.Release|Mixed Platforms.Build.0 = Release|Any CPU
		{A47B7998-4EE8-4AF8-9373-C664FDEDDC65}.Release|x64.ActiveCfg = Release|Any CPU
		{A47B7998-4EE8-4AF8-9373-C664FDEDDC65}.Release|x64.Build.0 = Release|Any CPU
		{A47B7998-4EE8-4AF8-9373-C664FDEDDC65}.Release|x86.ActiveCfg = Release|Any CPU
		{A47B7998-4EE8-4AF8-9373-C664FDEDDC65}.Release|x86.Build.0 = Release|Any CPU
		{0B1011A6-8FCD-4F9E-BBB8-8DB86E23D2E8}.Debug|Any CPU.ActiveCfg = Debug|Any CPU
		{0B1011A6-8FCD-4F9E-BBB8-8DB86E23D2E8}.Debug|Any CPU.Build.0 = Debug|Any CPU
		{0B1011A6-8FCD-4F9E-BBB8-8DB86E23D2E8}.Debug|Mixed Platforms.ActiveCfg = Debug|Any CPU
		{0B1011A6-8FCD-4F9E-BBB8-8DB86E23D2E8}.Debug|Mixed Platforms.Build.0 = Debug|Any CPU
		{0B1011A6-8FCD-4F9E-BBB8-8DB86E23D2E8}.Debug|x64.ActiveCfg = Debug|Any CPU
		{0B1011A6-8FCD-4F9E-BBB8-8DB86E23D2E8}.Debug|x64.Build.0 = Debug|Any CPU
		{0B1011A6-8FCD-4F9E-BBB8-8DB86E23D2E8}.Debug|x86.ActiveCfg = Debug|Any CPU
		{0B1011A6-8FCD-4F9E-BBB8-8DB86E23D2E8}.Debug|x86.Build.0 = Debug|Any CPU
		{0B1011A6-8FCD-4F9E-BBB8-8DB86E23D2E8}.Description|Any CPU.ActiveCfg = Debug|Any CPU
		{0B1011A6-8FCD-4F9E-BBB8-8DB86E23D2E8}.Description|Any CPU.Build.0 = Debug|Any CPU
		{0B1011A6-8FCD-4F9E-BBB8-8DB86E23D2E8}.Description|Mixed Platforms.ActiveCfg = Debug|Any CPU
		{0B1011A6-8FCD-4F9E-BBB8-8DB86E23D2E8}.Description|Mixed Platforms.Build.0 = Debug|Any CPU
		{0B1011A6-8FCD-4F9E-BBB8-8DB86E23D2E8}.Description|x64.ActiveCfg = Debug|Any CPU
		{0B1011A6-8FCD-4F9E-BBB8-8DB86E23D2E8}.Description|x64.Build.0 = Debug|Any CPU
		{0B1011A6-8FCD-4F9E-BBB8-8DB86E23D2E8}.Description|x86.ActiveCfg = Debug|Any CPU
		{0B1011A6-8FCD-4F9E-BBB8-8DB86E23D2E8}.Description|x86.Build.0 = Debug|Any CPU
		{0B1011A6-8FCD-4F9E-BBB8-8DB86E23D2E8}.Release|Any CPU.ActiveCfg = Release|Any CPU
		{0B1011A6-8FCD-4F9E-BBB8-8DB86E23D2E8}.Release|Any CPU.Build.0 = Release|Any CPU
		{0B1011A6-8FCD-4F9E-BBB8-8DB86E23D2E8}.Release|Mixed Platforms.ActiveCfg = Release|Any CPU
		{0B1011A6-8FCD-4F9E-BBB8-8DB86E23D2E8}.Release|Mixed Platforms.Build.0 = Release|Any CPU
		{0B1011A6-8FCD-4F9E-BBB8-8DB86E23D2E8}.Release|x64.ActiveCfg = Release|Any CPU
		{0B1011A6-8FCD-4F9E-BBB8-8DB86E23D2E8}.Release|x64.Build.0 = Release|Any CPU
		{0B1011A6-8FCD-4F9E-BBB8-8DB86E23D2E8}.Release|x86.ActiveCfg = Release|Any CPU
		{0B1011A6-8FCD-4F9E-BBB8-8DB86E23D2E8}.Release|x86.Build.0 = Release|Any CPU
		{DE30CBE9-50F3-4A3E-BCC9-A8A36348530E}.Debug|Any CPU.ActiveCfg = Debug|Any CPU
		{DE30CBE9-50F3-4A3E-BCC9-A8A36348530E}.Debug|Any CPU.Build.0 = Debug|Any CPU
		{DE30CBE9-50F3-4A3E-BCC9-A8A36348530E}.Debug|Mixed Platforms.ActiveCfg = Debug|Any CPU
		{DE30CBE9-50F3-4A3E-BCC9-A8A36348530E}.Debug|Mixed Platforms.Build.0 = Debug|Any CPU
		{DE30CBE9-50F3-4A3E-BCC9-A8A36348530E}.Debug|x64.ActiveCfg = Debug|Any CPU
		{DE30CBE9-50F3-4A3E-BCC9-A8A36348530E}.Debug|x64.Build.0 = Debug|Any CPU
		{DE30CBE9-50F3-4A3E-BCC9-A8A36348530E}.Debug|x86.ActiveCfg = Debug|Any CPU
		{DE30CBE9-50F3-4A3E-BCC9-A8A36348530E}.Debug|x86.Build.0 = Debug|Any CPU
		{DE30CBE9-50F3-4A3E-BCC9-A8A36348530E}.Description|Any CPU.ActiveCfg = Debug|Any CPU
		{DE30CBE9-50F3-4A3E-BCC9-A8A36348530E}.Description|Any CPU.Build.0 = Debug|Any CPU
		{DE30CBE9-50F3-4A3E-BCC9-A8A36348530E}.Description|Mixed Platforms.ActiveCfg = Debug|Any CPU
		{DE30CBE9-50F3-4A3E-BCC9-A8A36348530E}.Description|Mixed Platforms.Build.0 = Debug|Any CPU
		{DE30CBE9-50F3-4A3E-BCC9-A8A36348530E}.Description|x64.ActiveCfg = Debug|Any CPU
		{DE30CBE9-50F3-4A3E-BCC9-A8A36348530E}.Description|x64.Build.0 = Debug|Any CPU
		{DE30CBE9-50F3-4A3E-BCC9-A8A36348530E}.Description|x86.ActiveCfg = Debug|Any CPU
		{DE30CBE9-50F3-4A3E-BCC9-A8A36348530E}.Description|x86.Build.0 = Debug|Any CPU
		{DE30CBE9-50F3-4A3E-BCC9-A8A36348530E}.Release|Any CPU.ActiveCfg = Release|Any CPU
		{DE30CBE9-50F3-4A3E-BCC9-A8A36348530E}.Release|Any CPU.Build.0 = Release|Any CPU
		{DE30CBE9-50F3-4A3E-BCC9-A8A36348530E}.Release|Mixed Platforms.ActiveCfg = Release|Any CPU
		{DE30CBE9-50F3-4A3E-BCC9-A8A36348530E}.Release|Mixed Platforms.Build.0 = Release|Any CPU
		{DE30CBE9-50F3-4A3E-BCC9-A8A36348530E}.Release|x64.ActiveCfg = Release|Any CPU
		{DE30CBE9-50F3-4A3E-BCC9-A8A36348530E}.Release|x64.Build.0 = Release|Any CPU
		{DE30CBE9-50F3-4A3E-BCC9-A8A36348530E}.Release|x86.ActiveCfg = Release|Any CPU
		{DE30CBE9-50F3-4A3E-BCC9-A8A36348530E}.Release|x86.Build.0 = Release|Any CPU
		{5F30A68E-05BF-40EA-B576-5EBCDE520559}.Debug|Any CPU.ActiveCfg = Debug|Any CPU
		{5F30A68E-05BF-40EA-B576-5EBCDE520559}.Debug|Any CPU.Build.0 = Debug|Any CPU
		{5F30A68E-05BF-40EA-B576-5EBCDE520559}.Debug|Mixed Platforms.ActiveCfg = Debug|Any CPU
		{5F30A68E-05BF-40EA-B576-5EBCDE520559}.Debug|Mixed Platforms.Build.0 = Debug|Any CPU
		{5F30A68E-05BF-40EA-B576-5EBCDE520559}.Debug|x64.ActiveCfg = Debug|Any CPU
		{5F30A68E-05BF-40EA-B576-5EBCDE520559}.Debug|x64.Build.0 = Debug|Any CPU
		{5F30A68E-05BF-40EA-B576-5EBCDE520559}.Debug|x86.ActiveCfg = Debug|Any CPU
		{5F30A68E-05BF-40EA-B576-5EBCDE520559}.Debug|x86.Build.0 = Debug|Any CPU
		{5F30A68E-05BF-40EA-B576-5EBCDE520559}.Description|Any CPU.ActiveCfg = Debug|Any CPU
		{5F30A68E-05BF-40EA-B576-5EBCDE520559}.Description|Any CPU.Build.0 = Debug|Any CPU
		{5F30A68E-05BF-40EA-B576-5EBCDE520559}.Description|Mixed Platforms.ActiveCfg = Debug|Any CPU
		{5F30A68E-05BF-40EA-B576-5EBCDE520559}.Description|Mixed Platforms.Build.0 = Debug|Any CPU
		{5F30A68E-05BF-40EA-B576-5EBCDE520559}.Description|x64.ActiveCfg = Debug|Any CPU
		{5F30A68E-05BF-40EA-B576-5EBCDE520559}.Description|x64.Build.0 = Debug|Any CPU
		{5F30A68E-05BF-40EA-B576-5EBCDE520559}.Description|x86.ActiveCfg = Debug|Any CPU
		{5F30A68E-05BF-40EA-B576-5EBCDE520559}.Description|x86.Build.0 = Debug|Any CPU
		{5F30A68E-05BF-40EA-B576-5EBCDE520559}.Release|Any CPU.ActiveCfg = Release|Any CPU
		{5F30A68E-05BF-40EA-B576-5EBCDE520559}.Release|Any CPU.Build.0 = Release|Any CPU
		{5F30A68E-05BF-40EA-B576-5EBCDE520559}.Release|Mixed Platforms.ActiveCfg = Release|Any CPU
		{5F30A68E-05BF-40EA-B576-5EBCDE520559}.Release|Mixed Platforms.Build.0 = Release|Any CPU
		{5F30A68E-05BF-40EA-B576-5EBCDE520559}.Release|x64.ActiveCfg = Release|Any CPU
		{5F30A68E-05BF-40EA-B576-5EBCDE520559}.Release|x64.Build.0 = Release|Any CPU
		{5F30A68E-05BF-40EA-B576-5EBCDE520559}.Release|x86.ActiveCfg = Release|Any CPU
		{5F30A68E-05BF-40EA-B576-5EBCDE520559}.Release|x86.Build.0 = Release|Any CPU
		{77961864-DB33-4189-804F-D774022C96E2}.Debug|Any CPU.ActiveCfg = Debug|Any CPU
		{77961864-DB33-4189-804F-D774022C96E2}.Debug|Any CPU.Build.0 = Debug|Any CPU
		{77961864-DB33-4189-804F-D774022C96E2}.Debug|Mixed Platforms.ActiveCfg = Debug|Any CPU
		{77961864-DB33-4189-804F-D774022C96E2}.Debug|Mixed Platforms.Build.0 = Debug|Any CPU
		{77961864-DB33-4189-804F-D774022C96E2}.Debug|x64.ActiveCfg = Debug|Any CPU
		{77961864-DB33-4189-804F-D774022C96E2}.Debug|x64.Build.0 = Debug|Any CPU
		{77961864-DB33-4189-804F-D774022C96E2}.Debug|x86.ActiveCfg = Debug|Any CPU
		{77961864-DB33-4189-804F-D774022C96E2}.Debug|x86.Build.0 = Debug|Any CPU
		{77961864-DB33-4189-804F-D774022C96E2}.Description|Any CPU.ActiveCfg = Debug|Any CPU
		{77961864-DB33-4189-804F-D774022C96E2}.Description|Any CPU.Build.0 = Debug|Any CPU
		{77961864-DB33-4189-804F-D774022C96E2}.Description|Mixed Platforms.ActiveCfg = Debug|Any CPU
		{77961864-DB33-4189-804F-D774022C96E2}.Description|Mixed Platforms.Build.0 = Debug|Any CPU
		{77961864-DB33-4189-804F-D774022C96E2}.Description|x64.ActiveCfg = Debug|Any CPU
		{77961864-DB33-4189-804F-D774022C96E2}.Description|x64.Build.0 = Debug|Any CPU
		{77961864-DB33-4189-804F-D774022C96E2}.Description|x86.ActiveCfg = Debug|Any CPU
		{77961864-DB33-4189-804F-D774022C96E2}.Description|x86.Build.0 = Debug|Any CPU
		{77961864-DB33-4189-804F-D774022C96E2}.Release|Any CPU.ActiveCfg = Release|Any CPU
		{77961864-DB33-4189-804F-D774022C96E2}.Release|Any CPU.Build.0 = Release|Any CPU
		{77961864-DB33-4189-804F-D774022C96E2}.Release|Mixed Platforms.ActiveCfg = Release|Any CPU
		{77961864-DB33-4189-804F-D774022C96E2}.Release|Mixed Platforms.Build.0 = Release|Any CPU
		{77961864-DB33-4189-804F-D774022C96E2}.Release|x64.ActiveCfg = Release|Any CPU
		{77961864-DB33-4189-804F-D774022C96E2}.Release|x64.Build.0 = Release|Any CPU
		{77961864-DB33-4189-804F-D774022C96E2}.Release|x86.ActiveCfg = Release|Any CPU
		{77961864-DB33-4189-804F-D774022C96E2}.Release|x86.Build.0 = Release|Any CPU
		{17CE4F09-7CBF-49E9-84A7-178DB2CBD7C9}.Debug|Any CPU.ActiveCfg = Debug|Any CPU
		{17CE4F09-7CBF-49E9-84A7-178DB2CBD7C9}.Debug|Any CPU.Build.0 = Debug|Any CPU
		{17CE4F09-7CBF-49E9-84A7-178DB2CBD7C9}.Debug|Mixed Platforms.ActiveCfg = Debug|Any CPU
		{17CE4F09-7CBF-49E9-84A7-178DB2CBD7C9}.Debug|Mixed Platforms.Build.0 = Debug|Any CPU
		{17CE4F09-7CBF-49E9-84A7-178DB2CBD7C9}.Debug|x64.ActiveCfg = Debug|Any CPU
		{17CE4F09-7CBF-49E9-84A7-178DB2CBD7C9}.Debug|x64.Build.0 = Debug|Any CPU
		{17CE4F09-7CBF-49E9-84A7-178DB2CBD7C9}.Debug|x86.ActiveCfg = Debug|Any CPU
		{17CE4F09-7CBF-49E9-84A7-178DB2CBD7C9}.Debug|x86.Build.0 = Debug|Any CPU
		{17CE4F09-7CBF-49E9-84A7-178DB2CBD7C9}.Description|Any CPU.ActiveCfg = Debug|Any CPU
		{17CE4F09-7CBF-49E9-84A7-178DB2CBD7C9}.Description|Any CPU.Build.0 = Debug|Any CPU
		{17CE4F09-7CBF-49E9-84A7-178DB2CBD7C9}.Description|Mixed Platforms.ActiveCfg = Debug|Any CPU
		{17CE4F09-7CBF-49E9-84A7-178DB2CBD7C9}.Description|Mixed Platforms.Build.0 = Debug|Any CPU
		{17CE4F09-7CBF-49E9-84A7-178DB2CBD7C9}.Description|x64.ActiveCfg = Debug|Any CPU
		{17CE4F09-7CBF-49E9-84A7-178DB2CBD7C9}.Description|x64.Build.0 = Debug|Any CPU
		{17CE4F09-7CBF-49E9-84A7-178DB2CBD7C9}.Description|x86.ActiveCfg = Debug|Any CPU
		{17CE4F09-7CBF-49E9-84A7-178DB2CBD7C9}.Description|x86.Build.0 = Debug|Any CPU
		{17CE4F09-7CBF-49E9-84A7-178DB2CBD7C9}.Release|Any CPU.ActiveCfg = Release|Any CPU
		{17CE4F09-7CBF-49E9-84A7-178DB2CBD7C9}.Release|Any CPU.Build.0 = Release|Any CPU
		{17CE4F09-7CBF-49E9-84A7-178DB2CBD7C9}.Release|Mixed Platforms.ActiveCfg = Release|Any CPU
		{17CE4F09-7CBF-49E9-84A7-178DB2CBD7C9}.Release|Mixed Platforms.Build.0 = Release|Any CPU
		{17CE4F09-7CBF-49E9-84A7-178DB2CBD7C9}.Release|x64.ActiveCfg = Release|Any CPU
		{17CE4F09-7CBF-49E9-84A7-178DB2CBD7C9}.Release|x64.Build.0 = Release|Any CPU
		{17CE4F09-7CBF-49E9-84A7-178DB2CBD7C9}.Release|x86.ActiveCfg = Release|Any CPU
		{17CE4F09-7CBF-49E9-84A7-178DB2CBD7C9}.Release|x86.Build.0 = Release|Any CPU
		{CBDEEF3C-BBE7-4655-A096-1367DE069E63}.Debug|Any CPU.ActiveCfg = Debug|Any CPU
		{CBDEEF3C-BBE7-4655-A096-1367DE069E63}.Debug|Any CPU.Build.0 = Debug|Any CPU
		{CBDEEF3C-BBE7-4655-A096-1367DE069E63}.Debug|Mixed Platforms.ActiveCfg = Debug|Any CPU
		{CBDEEF3C-BBE7-4655-A096-1367DE069E63}.Debug|Mixed Platforms.Build.0 = Debug|Any CPU
		{CBDEEF3C-BBE7-4655-A096-1367DE069E63}.Debug|x64.ActiveCfg = Debug|Any CPU
		{CBDEEF3C-BBE7-4655-A096-1367DE069E63}.Debug|x64.Build.0 = Debug|Any CPU
		{CBDEEF3C-BBE7-4655-A096-1367DE069E63}.Debug|x86.ActiveCfg = Debug|Any CPU
		{CBDEEF3C-BBE7-4655-A096-1367DE069E63}.Debug|x86.Build.0 = Debug|Any CPU
		{CBDEEF3C-BBE7-4655-A096-1367DE069E63}.Description|Any CPU.ActiveCfg = Debug|Any CPU
		{CBDEEF3C-BBE7-4655-A096-1367DE069E63}.Description|Any CPU.Build.0 = Debug|Any CPU
		{CBDEEF3C-BBE7-4655-A096-1367DE069E63}.Description|Mixed Platforms.ActiveCfg = Debug|Any CPU
		{CBDEEF3C-BBE7-4655-A096-1367DE069E63}.Description|Mixed Platforms.Build.0 = Debug|Any CPU
		{CBDEEF3C-BBE7-4655-A096-1367DE069E63}.Description|x64.ActiveCfg = Debug|Any CPU
		{CBDEEF3C-BBE7-4655-A096-1367DE069E63}.Description|x64.Build.0 = Debug|Any CPU
		{CBDEEF3C-BBE7-4655-A096-1367DE069E63}.Description|x86.ActiveCfg = Debug|Any CPU
		{CBDEEF3C-BBE7-4655-A096-1367DE069E63}.Description|x86.Build.0 = Debug|Any CPU
		{CBDEEF3C-BBE7-4655-A096-1367DE069E63}.Release|Any CPU.ActiveCfg = Release|Any CPU
		{CBDEEF3C-BBE7-4655-A096-1367DE069E63}.Release|Any CPU.Build.0 = Release|Any CPU
		{CBDEEF3C-BBE7-4655-A096-1367DE069E63}.Release|Mixed Platforms.ActiveCfg = Release|Any CPU
		{CBDEEF3C-BBE7-4655-A096-1367DE069E63}.Release|Mixed Platforms.Build.0 = Release|Any CPU
		{CBDEEF3C-BBE7-4655-A096-1367DE069E63}.Release|x64.ActiveCfg = Release|Any CPU
		{CBDEEF3C-BBE7-4655-A096-1367DE069E63}.Release|x64.Build.0 = Release|Any CPU
		{CBDEEF3C-BBE7-4655-A096-1367DE069E63}.Release|x86.ActiveCfg = Release|Any CPU
		{CBDEEF3C-BBE7-4655-A096-1367DE069E63}.Release|x86.Build.0 = Release|Any CPU
		{028BC31C-2EDC-492E-90A3-3714E38CE2CF}.Debug|Any CPU.ActiveCfg = Debug|Any CPU
		{028BC31C-2EDC-492E-90A3-3714E38CE2CF}.Debug|Any CPU.Build.0 = Debug|Any CPU
		{028BC31C-2EDC-492E-90A3-3714E38CE2CF}.Debug|Mixed Platforms.ActiveCfg = Debug|Any CPU
		{028BC31C-2EDC-492E-90A3-3714E38CE2CF}.Debug|Mixed Platforms.Build.0 = Debug|Any CPU
		{028BC31C-2EDC-492E-90A3-3714E38CE2CF}.Debug|x64.ActiveCfg = Debug|Any CPU
		{028BC31C-2EDC-492E-90A3-3714E38CE2CF}.Debug|x64.Build.0 = Debug|Any CPU
		{028BC31C-2EDC-492E-90A3-3714E38CE2CF}.Debug|x86.ActiveCfg = Debug|Any CPU
		{028BC31C-2EDC-492E-90A3-3714E38CE2CF}.Debug|x86.Build.0 = Debug|Any CPU
		{028BC31C-2EDC-492E-90A3-3714E38CE2CF}.Description|Any CPU.ActiveCfg = Debug|Any CPU
		{028BC31C-2EDC-492E-90A3-3714E38CE2CF}.Description|Any CPU.Build.0 = Debug|Any CPU
		{028BC31C-2EDC-492E-90A3-3714E38CE2CF}.Description|Mixed Platforms.ActiveCfg = Debug|Any CPU
		{028BC31C-2EDC-492E-90A3-3714E38CE2CF}.Description|Mixed Platforms.Build.0 = Debug|Any CPU
		{028BC31C-2EDC-492E-90A3-3714E38CE2CF}.Description|x64.ActiveCfg = Debug|Any CPU
		{028BC31C-2EDC-492E-90A3-3714E38CE2CF}.Description|x64.Build.0 = Debug|Any CPU
		{028BC31C-2EDC-492E-90A3-3714E38CE2CF}.Description|x86.ActiveCfg = Debug|Any CPU
		{028BC31C-2EDC-492E-90A3-3714E38CE2CF}.Description|x86.Build.0 = Debug|Any CPU
		{028BC31C-2EDC-492E-90A3-3714E38CE2CF}.Release|Any CPU.ActiveCfg = Release|Any CPU
		{028BC31C-2EDC-492E-90A3-3714E38CE2CF}.Release|Any CPU.Build.0 = Release|Any CPU
		{028BC31C-2EDC-492E-90A3-3714E38CE2CF}.Release|Mixed Platforms.ActiveCfg = Release|Any CPU
		{028BC31C-2EDC-492E-90A3-3714E38CE2CF}.Release|Mixed Platforms.Build.0 = Release|Any CPU
		{028BC31C-2EDC-492E-90A3-3714E38CE2CF}.Release|x64.ActiveCfg = Release|Any CPU
		{028BC31C-2EDC-492E-90A3-3714E38CE2CF}.Release|x64.Build.0 = Release|Any CPU
		{028BC31C-2EDC-492E-90A3-3714E38CE2CF}.Release|x86.ActiveCfg = Release|Any CPU
		{028BC31C-2EDC-492E-90A3-3714E38CE2CF}.Release|x86.Build.0 = Release|Any CPU
		{C747B3CA-2261-4AD4-97DB-FA6DFD66070E}.Debug|Any CPU.ActiveCfg = Debug|Any CPU
		{C747B3CA-2261-4AD4-97DB-FA6DFD66070E}.Debug|Any CPU.Build.0 = Debug|Any CPU
		{C747B3CA-2261-4AD4-97DB-FA6DFD66070E}.Debug|Mixed Platforms.ActiveCfg = Debug|Any CPU
		{C747B3CA-2261-4AD4-97DB-FA6DFD66070E}.Debug|Mixed Platforms.Build.0 = Debug|Any CPU
		{C747B3CA-2261-4AD4-97DB-FA6DFD66070E}.Debug|x64.ActiveCfg = Debug|Any CPU
		{C747B3CA-2261-4AD4-97DB-FA6DFD66070E}.Debug|x64.Build.0 = Debug|Any CPU
		{C747B3CA-2261-4AD4-97DB-FA6DFD66070E}.Debug|x86.ActiveCfg = Debug|Any CPU
		{C747B3CA-2261-4AD4-97DB-FA6DFD66070E}.Debug|x86.Build.0 = Debug|Any CPU
		{C747B3CA-2261-4AD4-97DB-FA6DFD66070E}.Description|Any CPU.ActiveCfg = Debug|Any CPU
		{C747B3CA-2261-4AD4-97DB-FA6DFD66070E}.Description|Any CPU.Build.0 = Debug|Any CPU
		{C747B3CA-2261-4AD4-97DB-FA6DFD66070E}.Description|Mixed Platforms.ActiveCfg = Debug|Any CPU
		{C747B3CA-2261-4AD4-97DB-FA6DFD66070E}.Description|Mixed Platforms.Build.0 = Debug|Any CPU
		{C747B3CA-2261-4AD4-97DB-FA6DFD66070E}.Description|x64.ActiveCfg = Debug|Any CPU
		{C747B3CA-2261-4AD4-97DB-FA6DFD66070E}.Description|x64.Build.0 = Debug|Any CPU
		{C747B3CA-2261-4AD4-97DB-FA6DFD66070E}.Description|x86.ActiveCfg = Debug|Any CPU
		{C747B3CA-2261-4AD4-97DB-FA6DFD66070E}.Description|x86.Build.0 = Debug|Any CPU
		{C747B3CA-2261-4AD4-97DB-FA6DFD66070E}.Release|Any CPU.ActiveCfg = Release|Any CPU
		{C747B3CA-2261-4AD4-97DB-FA6DFD66070E}.Release|Any CPU.Build.0 = Release|Any CPU
		{C747B3CA-2261-4AD4-97DB-FA6DFD66070E}.Release|Mixed Platforms.ActiveCfg = Release|Any CPU
		{C747B3CA-2261-4AD4-97DB-FA6DFD66070E}.Release|Mixed Platforms.Build.0 = Release|Any CPU
		{C747B3CA-2261-4AD4-97DB-FA6DFD66070E}.Release|x64.ActiveCfg = Release|Any CPU
		{C747B3CA-2261-4AD4-97DB-FA6DFD66070E}.Release|x64.Build.0 = Release|Any CPU
		{C747B3CA-2261-4AD4-97DB-FA6DFD66070E}.Release|x86.ActiveCfg = Release|Any CPU
		{C747B3CA-2261-4AD4-97DB-FA6DFD66070E}.Release|x86.Build.0 = Release|Any CPU
		{6E52E67F-6FA3-4FDC-ACB5-1F570822512C}.Debug|Any CPU.ActiveCfg = Debug|Any CPU
		{6E52E67F-6FA3-4FDC-ACB5-1F570822512C}.Debug|Any CPU.Build.0 = Debug|Any CPU
		{6E52E67F-6FA3-4FDC-ACB5-1F570822512C}.Debug|Mixed Platforms.ActiveCfg = Debug|Any CPU
		{6E52E67F-6FA3-4FDC-ACB5-1F570822512C}.Debug|Mixed Platforms.Build.0 = Debug|Any CPU
		{6E52E67F-6FA3-4FDC-ACB5-1F570822512C}.Debug|x64.ActiveCfg = Debug|Any CPU
		{6E52E67F-6FA3-4FDC-ACB5-1F570822512C}.Debug|x64.Build.0 = Debug|Any CPU
		{6E52E67F-6FA3-4FDC-ACB5-1F570822512C}.Debug|x86.ActiveCfg = Debug|Any CPU
		{6E52E67F-6FA3-4FDC-ACB5-1F570822512C}.Debug|x86.Build.0 = Debug|Any CPU
		{6E52E67F-6FA3-4FDC-ACB5-1F570822512C}.Description|Any CPU.ActiveCfg = Debug|Any CPU
		{6E52E67F-6FA3-4FDC-ACB5-1F570822512C}.Description|Any CPU.Build.0 = Debug|Any CPU
		{6E52E67F-6FA3-4FDC-ACB5-1F570822512C}.Description|Mixed Platforms.ActiveCfg = Debug|Any CPU
		{6E52E67F-6FA3-4FDC-ACB5-1F570822512C}.Description|Mixed Platforms.Build.0 = Debug|Any CPU
		{6E52E67F-6FA3-4FDC-ACB5-1F570822512C}.Description|x64.ActiveCfg = Debug|Any CPU
		{6E52E67F-6FA3-4FDC-ACB5-1F570822512C}.Description|x64.Build.0 = Debug|Any CPU
		{6E52E67F-6FA3-4FDC-ACB5-1F570822512C}.Description|x86.ActiveCfg = Debug|Any CPU
		{6E52E67F-6FA3-4FDC-ACB5-1F570822512C}.Description|x86.Build.0 = Debug|Any CPU
		{6E52E67F-6FA3-4FDC-ACB5-1F570822512C}.Release|Any CPU.ActiveCfg = Release|Any CPU
		{6E52E67F-6FA3-4FDC-ACB5-1F570822512C}.Release|Any CPU.Build.0 = Release|Any CPU
		{6E52E67F-6FA3-4FDC-ACB5-1F570822512C}.Release|Mixed Platforms.ActiveCfg = Release|Any CPU
		{6E52E67F-6FA3-4FDC-ACB5-1F570822512C}.Release|Mixed Platforms.Build.0 = Release|Any CPU
		{6E52E67F-6FA3-4FDC-ACB5-1F570822512C}.Release|x64.ActiveCfg = Release|Any CPU
		{6E52E67F-6FA3-4FDC-ACB5-1F570822512C}.Release|x64.Build.0 = Release|Any CPU
		{6E52E67F-6FA3-4FDC-ACB5-1F570822512C}.Release|x86.ActiveCfg = Release|Any CPU
		{6E52E67F-6FA3-4FDC-ACB5-1F570822512C}.Release|x86.Build.0 = Release|Any CPU
	EndGlobalSection
	GlobalSection(SolutionProperties) = preSolution
		HideSolutionNode = FALSE
	EndGlobalSection
	GlobalSection(NestedProjects) = preSolution
		{DDBC7F79-A2A1-4D92-9AE7-ADDC838F1E5E} = {5C68985B-0CAC-4217-B234-E3741A9B43E9}
		{75A12A8A-8C8F-4D1E-801B-689D8F781BF4} = {DDBC7F79-A2A1-4D92-9AE7-ADDC838F1E5E}
		{631BC4F3-E2D8-4319-814C-13904CAA17CE} = {079CE6E3-8038-44F5-B18A-2D586A827D95}
		{FF099D48-3FA5-4ED6-BBA0-1497D734962A} = {FF773BDF-A20C-4A5F-BFF9-F422C2AFF3CE}
		{A47B7998-4EE8-4AF8-9373-C664FDEDDC65} = {3C5A2C4B-FD05-42B3-B6C6-C366DF978A62}
		{0B1011A6-8FCD-4F9E-BBB8-8DB86E23D2E8} = {DDBC7F79-A2A1-4D92-9AE7-ADDC838F1E5E}
		{DE30CBE9-50F3-4A3E-BCC9-A8A36348530E} = {AB88960E-B233-475B-96E4-8C10EEF8622C}
		{5F30A68E-05BF-40EA-B576-5EBCDE520559} = {DDBC7F79-A2A1-4D92-9AE7-ADDC838F1E5E}
		{77961864-DB33-4189-804F-D774022C96E2} = {3C5A2C4B-FD05-42B3-B6C6-C366DF978A62}
		{F0EFF742-92D5-4219-939A-8F6F8DAB24E5} = {5C68985B-0CAC-4217-B234-E3741A9B43E9}
		{624E8284-4F0A-4C3F-B5F2-271105E48ECF} = {F0EFF742-92D5-4219-939A-8F6F8DAB24E5}
		{17CE4F09-7CBF-49E9-84A7-178DB2CBD7C9} = {AB88960E-B233-475B-96E4-8C10EEF8622C}
		{CBDEEF3C-BBE7-4655-A096-1367DE069E63} = {079CE6E3-8038-44F5-B18A-2D586A827D95}
		{028BC31C-2EDC-492E-90A3-3714E38CE2CF} = {079CE6E3-8038-44F5-B18A-2D586A827D95}
		{1D35F87A-F880-4345-9A25-FBB788BC50A1} = {5C68985B-0CAC-4217-B234-E3741A9B43E9}
		{C747B3CA-2261-4AD4-97DB-FA6DFD66070E} = {D240E720-CC73-4E25-90A9-DC5121DA594A}
		{6E52E67F-6FA3-4FDC-ACB5-1F570822512C} = {1D35F87A-F880-4345-9A25-FBB788BC50A1}
	EndGlobalSection
	GlobalSection(ExtensibilityGlobals) = postSolution
		SolutionGuid = {C22A5C94-6B05-4B1B-845A-A2EA7615E093}
	EndGlobalSection
	GlobalSection(Performance) = preSolution
		HasPerformanceSessions = true
	EndGlobalSection
EndGlobal
